
Microsoft Visual Studio Solution File, Format Version 12.00
# Visual Studio Version 16
VisualStudioVersion = 16.0.31515.178
MinimumVisualStudioVersion = 10.0.40219.1
Project("{888888A0-9F3D-457C-B088-3A5042F75D52}") = "CourseProjectPart4", "CourseProjectPart4.pyproj", "{BC272AB5-433A-49E3-B428-F22CF47D4C04}"
EndProject
Global
	GlobalSection(SolutionConfigurationPlatforms) = preSolution
		Debug|Any CPU = Debug|Any CPU
		Release|Any CPU = Release|Any CPU
	EndGlobalSection
	GlobalSection(ProjectConfigurationPlatforms) = postSolution
		{BC272AB5-433A-49E3-B428-F22CF47D4C04}.Debug|Any CPU.ActiveCfg = Debug|Any CPU
		{BC272AB5-433A-49E3-B428-F22CF47D4C04}.Release|Any CPU.ActiveCfg = Release|Any CPU
	EndGlobalSection
	GlobalSection(SolutionProperties) = preSolution
		HideSolutionNode = FALSE
	EndGlobalSection
	GlobalSection(ExtensibilityGlobals) = postSolution
		SolutionGuid = {BC0A1F75-472A-48D0-AA7F-F8F5C78596F1}
	EndGlobalSection
EndGlobal
